# This file is automatically @generated by Poetry 1.8.4 and should not be changed by hand.

[[package]]
name = "colorama"
version = "0.4.6"
description = "Cross-platform colored terminal text."
optional = false
python-versions = "!=3.0.*,!=3.1.*,!=3.2.*,!=3.3.*,!=3.4.*,!=3.5.*,!=3.6.*,>=2.7"
files = [
    {file = "colorama-0.4.6-py2.py3-none-any.whl", hash = "sha256:4f1d9991f5acc0ca119f9d443620b77f9d6b33703e51011c16baf57afb285fc6"},
    {file = "colorama-0.4.6.tar.gz", hash = "sha256:08695f5cb7ed6e0531a20572697297273c47b8cae5a63ffc6d6ed5c201be6e44"},
]

[[package]]
name = "cramjam"
version = "2.9.0"
description = "Thin Python bindings to de/compression algorithms in Rust"
optional = false
python-versions = ">=3.8"
files = [
    {file = "cramjam-2.9.0-cp310-cp310-macosx_10_12_x86_64.whl", hash = "sha256:eb16d995e454b0155b166f6e6da7df4ac812d44e0f3b6dc0f344a934609fd5bc"},
    {file = "cramjam-2.9.0-cp310-cp310-macosx_11_0_arm64.whl", hash = "sha256:cb1e86bfea656b51f2e75f2cedb17fc08b552d105b814d19b595294ecbe94d8d"},
    {file = "cramjam-2.9.0-cp310-cp310-manylinux_2_12_i686.manylinux2010_i686.whl", hash = "sha256:4bd76b654275736fd4f55521981b73751c34dacf70a1dbce96e454a39d43201f"},
    {file = "cramjam-2.9.0-cp310-cp310-manylinux_2_17_aarch64.manylinux2014_aarch64.whl", hash = "sha256:21569f19d5848606b85ac0dde0dc3639319d26fed8522c7103515df875bcb300"},
    {file = "cramjam-2.9.0-cp310-cp310-manylinux_2_17_armv7l.manylinux2014_armv7l.whl", hash = "sha256:b8f8b1117b4e697d39950ecab01700ce0aef66541e4478eb4d7b3ade8703347b"},
    {file = "cramjam-2.9.0-cp310-cp310-manylinux_2_17_ppc64le.manylinux2014_ppc64le.whl", hash = "sha256:c3464d0042a03e8ef38a2b774ef23163cf3c0cdc41b8dfbf7c4aadf93e40b459"},
    {file = "cramjam-2.9.0-cp310-cp310-manylinux_2_17_s390x.manylinux2014_s390x.whl", hash = "sha256:0711c776750e243ae347d6609c975f0ff4be9ae65b2764d29e4bbdad8e574c3a"},
    {file = "cramjam-2.9.0-cp310-cp310-manylinux_2_17_x86_64.manylinux2014_x86_64.whl", hash = "sha256:00d96f798bc980b29f8e1c3ed7d554050e05d4cde23d1633ffed4cd63110024a"},
    {file = "cramjam-2.9.0-cp310-cp310-musllinux_1_1_aarch64.whl", hash = "sha256:fc49b6575e3cb15da3180c5a3926ec81db33b109e48530708da76614b306904b"},
    {file = "cramjam-2.9.0-cp310-cp310-musllinux_1_1_armv7l.whl", hash = "sha256:c4fa6c23e56d48df18f534af921ec936c812743a8972ecdd5e5ff47b464fea00"},
    {file = "cramjam-2.9.0-cp310-cp310-musllinux_1_1_i686.whl", hash = "sha256:b4b8d8160685c11ffb4e8e6daaab79cb351a1c54ceec41cc18a0a62c89309fe0"},
    {file = "cramjam-2.9.0-cp310-cp310-musllinux_1_1_x86_64.whl", hash = "sha256:0ed6362cb6c964f8d0c6e7f790e8961b9242cd3acd87c56169ca14d642653707"},
    {file = "cramjam-2.9.0-cp310-none-win32.whl", hash = "sha256:fe9af350dfbdc7ed4c93a8016a8ad7b5492fc116e7197cad7cbce99b434d3fe1"},
    {file = "cramjam-2.9.0-cp310-none-win_amd64.whl", hash = "sha256:37054c73704a3183b60869e7fec1614648752c31d89f44de1ffe1f01ad4d20d5"},
    {file = "cramjam-2.9.0-cp311-cp311-macosx_10_12_x86_64.whl", hash = "sha256:170a50407f9400073621cc1d5f3200ca3ad9de3000831e3e86f5561ca8048a08"},
    {file = "cramjam-2.9.0-cp311-cp311-macosx_11_0_arm64.whl", hash = "sha256:912c94781c8ff318a4d3f3306f8d94d41ae5aa7b9760c4bb0476b01142084845"},
    {file = "cramjam-2.9.0-cp311-cp311-manylinux_2_12_i686.manylinux2010_i686.whl", hash = "sha256:df089639983a03070be6eabc60317aa1ffbf2c5409023b57a5fc2e4975163bc4"},
    {file = "cramjam-2.9.0-cp311-cp311-manylinux_2_17_aarch64.manylinux2014_aarch64.whl", hash = "sha256:1ca28a8f6ab5fca35f163fd7d7a970880ce4fc1a0bead1249ecdaa96ec9ac1f4"},
    {file = "cramjam-2.9.0-cp311-cp311-manylinux_2_17_armv7l.manylinux2014_armv7l.whl", hash = "sha256:abd8bf9a94e3866215ac181a7dbcfa1ddbedca4f8048494a79934febe88537df"},
    {file = "cramjam-2.9.0-cp311-cp311-manylinux_2_17_ppc64le.manylinux2014_ppc64le.whl", hash = "sha256:7de19a382bcab93cd4d028d51f6f581920a3b79659a384775188135b7fc64f15"},
    {file = "cramjam-2.9.0-cp311-cp311-manylinux_2_17_s390x.manylinux2014_s390x.whl", hash = "sha256:a4156fcefa1dfaa65d35ff82c252d1e32be12820f26d04748be6cd3b461cf85f"},
    {file = "cramjam-2.9.0-cp311-cp311-manylinux_2_17_x86_64.manylinux2014_x86_64.whl", hash = "sha256:b4a3104022129d7463100dfaf12efd398ebfa4b7e4e50832ccc596754f7c26df"},
    {file = "cramjam-2.9.0-cp311-cp311-musllinux_1_1_aarch64.whl", hash = "sha256:6ebee5f5d7e2b9277895ea4fd94646b72075fe9cfc0e8f4770b65c9e72b1fec1"},
    {file = "cramjam-2.9.0-cp311-cp311-musllinux_1_1_armv7l.whl", hash = "sha256:8e33ebe4d709b21bc15e7ddf485ac6b30d7fdc7ed7c3c65130654c007f50c183"},
    {file = "cramjam-2.9.0-cp311-cp311-musllinux_1_1_i686.whl", hash = "sha256:4d5a39118008bb9f2fba36a0ceea6c41fbd0b55d2647b043ba51a868e5f6de92"},
    {file = "cramjam-2.9.0-cp311-cp311-musllinux_1_1_x86_64.whl", hash = "sha256:7f6ef35eba883927af2678b561cc4407e0b3b0d58a251c863bec4b3d8258cc2f"},
    {file = "cramjam-2.9.0-cp311-none-win32.whl", hash = "sha256:b21e55b5cfdaff96eae1f323ae9a0d36e86852cdf62fe23b60a2481d2fed5571"},
    {file = "cramjam-2.9.0-cp311-none-win_amd64.whl", hash = "sha256:9f685fe4e49b2f3e233548e3397b3f9189d71a265718ec631d13eca3d5718ddb"},
    {file = "cramjam-2.9.0-cp312-cp312-macosx_10_12_x86_64.whl", hash = "sha256:34578e4c1518b10dad5e0ba40c721e529ef13e7742a528843b40e1f20dd6078c"},
    {file = "cramjam-2.9.0-cp312-cp312-macosx_11_0_arm64.whl", hash = "sha256:1d5b5512dc61ea78f32e021e88a5fd5b46a821409479e6657d33614fc9e45677"},
    {file = "cramjam-2.9.0-cp312-cp312-manylinux_2_12_i686.manylinux2010_i686.whl", hash = "sha256:0b4f1b5e33915ed591c0c19b8c3bbdd7aa0f6a9bfe2b7246b475d497bda15f18"},
    {file = "cramjam-2.9.0-cp312-cp312-manylinux_2_17_aarch64.manylinux2014_aarch64.whl", hash = "sha256:ad301801afa0eecdacabf353a2802df5e6770f9bfb0a559d6c069813d83cfd42"},
    {file = "cramjam-2.9.0-cp312-cp312-manylinux_2_17_armv7l.manylinux2014_armv7l.whl", hash = "sha256:399baf80fea574e3870f233e12e6a12f02c53b054e13d792348b272b0614370a"},
    {file = "cramjam-2.9.0-cp312-cp312-manylinux_2_17_ppc64le.manylinux2014_ppc64le.whl", hash = "sha256:3121e2fbec58907fa70636adaeaf30c27614c867e08a7a5bd2887b33786ff790"},
    {file = "cramjam-2.9.0-cp312-cp312-manylinux_2_17_s390x.manylinux2014_s390x.whl", hash = "sha256:bd04205b2a87087ffc2257c3ad33f11daabc053956f64ac1ec7bae299cac3f2f"},
    {file = "cramjam-2.9.0-cp312-cp312-manylinux_2_17_x86_64.manylinux2014_x86_64.whl", hash = "sha256:ddb9c4db36188a8f08c2303100a83100f26a8572803ae35eadff359bebd3d204"},
    {file = "cramjam-2.9.0-cp312-cp312-musllinux_1_1_aarch64.whl", hash = "sha256:ef553d4080368006817c1a935ed619c71987cf10417a32386acc00c5418a2934"},
    {file = "cramjam-2.9.0-cp312-cp312-musllinux_1_1_armv7l.whl", hash = "sha256:9862ca8ead80857ecfb9b07f02f577733261e981346f31585fe118975eabb738"},
    {file = "cramjam-2.9.0-cp312-cp312-musllinux_1_1_i686.whl", hash = "sha256:4714e1ea0c3329368b83fe5ad6e831d5ca11fb794ca7cf491622eb6b2d420d2f"},
    {file = "cramjam-2.9.0-cp312-cp312-musllinux_1_1_x86_64.whl", hash = "sha256:1b4ca30c9f27e3b88bc082d4637e7648f93da5cb69a2dbe0c0300bc51353c820"},
    {file = "cramjam-2.9.0-cp312-none-win32.whl", hash = "sha256:0ed2fef010d1caca9ea63814e9cb5b1d47d907b80302b8cc0b3a1e116ea241e2"},
    {file = "cramjam-2.9.0-cp312-none-win_amd64.whl", hash = "sha256:bd26d71939de5dcf169d479fbc7fcfed21e6675bab33e7f7e9f8405f19711c71"},
    {file = "cramjam-2.9.0-cp313-cp313-macosx_10_12_x86_64.whl", hash = "sha256:dd70ea5d7b2c5e479e04ac3a00d8bc3deca146d2b5dbfbe3d7b42ed136e19de4"},
    {file = "cramjam-2.9.0-cp313-cp313-macosx_11_0_arm64.whl", hash = "sha256:0b1410e68c464666473a89cade17483b94bb4639d9161c440ee54ee1e0eca583"},
    {file = "cramjam-2.9.0-cp313-cp313-manylinux_2_12_i686.manylinux2010_i686.whl", hash = "sha256:b0078727fe8c28ef1695e5d04aae5c41ac697eb087cba387c6a02b825f9071c0"},
    {file = "cramjam-2.9.0-cp313-cp313-manylinux_2_17_aarch64.manylinux2014_aarch64.whl", hash = "sha256:4a63c4e63319bf7dfc3ab46c06afb76d3d9cc1c94369b609dde480e5cc78e4de"},
    {file = "cramjam-2.9.0-cp313-cp313-manylinux_2_17_armv7l.manylinux2014_armv7l.whl", hash = "sha256:47d7253b5a10c201cc65aecfb517dfa1c0b5831b2524ac32dd2964fceafc0dc4"},
    {file = "cramjam-2.9.0-cp313-cp313-manylinux_2_17_ppc64le.manylinux2014_ppc64le.whl", hash = "sha256:05970fb640f236767003e62c256a085754536169bac863f4a3502ecb59cbf197"},
    {file = "cramjam-2.9.0-cp313-cp313-manylinux_2_17_s390x.manylinux2014_s390x.whl", hash = "sha256:e0b062d261fa3fac00146cf801896c8cfafe1e41332eb047aa0a36558299daa6"},
    {file = "cramjam-2.9.0-cp313-cp313-manylinux_2_17_x86_64.manylinux2014_x86_64.whl", hash = "sha256:017b7066f18b7b676068f51b1dbdecc02d76d9af10092252b22dcbd03a78ed33"},
    {file = "cramjam-2.9.0-cp313-cp313-musllinux_1_1_aarch64.whl", hash = "sha256:9de33ef3bc006c11fbad1dc8b15341dcc78430df2c5ce1e790dfb729b11ab593"},
    {file = "cramjam-2.9.0-cp313-cp313-musllinux_1_1_armv7l.whl", hash = "sha256:b99efaf81be8e381de1cde6574e2c89030ed53994e73b0e75b62d6e232f491c5"},
    {file = "cramjam-2.9.0-cp313-cp313-musllinux_1_1_i686.whl", hash = "sha256:36426e3f1920f6aa4c644d007bf9cfad06dd9f1a30cd0a921d72b010492d8447"},
    {file = "cramjam-2.9.0-cp313-cp313-musllinux_1_1_x86_64.whl", hash = "sha256:ea9bcaff298f5d35ef67346d474fca388c5cf6d4edab1d06b84868800f88bd36"},
    {file = "cramjam-2.9.0-cp313-none-win32.whl", hash = "sha256:c48da60a5eb481b412e5e462b81ad307fb2203178a2840a743f0a7c5fc1718c9"},
    {file = "cramjam-2.9.0-cp313-none-win_amd64.whl", hash = "sha256:97a6311bd32f301ff1b922bc9de62ace3d9fd845e20efc0f71b4d0239a45b8d2"},
    {file = "cramjam-2.9.0-cp38-cp38-macosx_10_12_x86_64.whl", hash = "sha256:78e7349f945a83bc48855fb042873092a69b155a088b8c11942eb76418b32705"},
    {file = "cramjam-2.9.0-cp38-cp38-macosx_11_0_arm64.whl", hash = "sha256:65a097ea765dd4ef2fb868b5b0959d7c93a64c250b2c52f462898c823ae4b950"},
    {file = "cramjam-2.9.0-cp38-cp38-manylinux_2_12_i686.manylinux2010_i686.whl", hash = "sha256:35cad507eb02c775e6c5444312f98b28dd8bf122425677ae199484996e838673"},
    {file = "cramjam-2.9.0-cp38-cp38-manylinux_2_17_aarch64.manylinux2014_aarch64.whl", hash = "sha256:8982925d179b940efa860513a31b839bb06343501077cca3e67f7a2f7360d355"},
    {file = "cramjam-2.9.0-cp38-cp38-manylinux_2_17_armv7l.manylinux2014_armv7l.whl", hash = "sha256:ba7e2d33e1d092dffd0a3ff4bd1b86177594aa3c2901fd478e78e1fb2aee8ed3"},
    {file = "cramjam-2.9.0-cp38-cp38-manylinux_2_17_ppc64le.manylinux2014_ppc64le.whl", hash = "sha256:904be92e3bc25e78343ee52aa0fd5fba3a31d11d474e8af4623a9d00baa84bc2"},
    {file = "cramjam-2.9.0-cp38-cp38-manylinux_2_17_s390x.manylinux2014_s390x.whl", hash = "sha256:9221297c547d702e1431e96705fce26c6a87df34a681a6b97fe63b536d09c1d8"},
    {file = "cramjam-2.9.0-cp38-cp38-manylinux_2_17_x86_64.manylinux2014_x86_64.whl", hash = "sha256:e98a18c22a85f321091cc8db6694af1d713a369c2d60ec611c10ccfe24ab103a"},
    {file = "cramjam-2.9.0-cp38-cp38-musllinux_1_1_aarch64.whl", hash = "sha256:e248510f8e2dbc71fa99f86238c9023365dbe1a4520eb40e33d73416527349f2"},
    {file = "cramjam-2.9.0-cp38-cp38-musllinux_1_1_armv7l.whl", hash = "sha256:dc07376aa33b6004ea372ac9b0ba0ed3455aa2fc4e18727414142ecb46b176b8"},
    {file = "cramjam-2.9.0-cp38-cp38-musllinux_1_1_i686.whl", hash = "sha256:e94021c541eb2a199b5a2ffae0ea84fb8b99863dab99a5b154b00bc7a44b5c48"},
    {file = "cramjam-2.9.0-cp38-cp38-musllinux_1_1_x86_64.whl", hash = "sha256:4adbf4366f8dc29b7c5c731c800cf633be76c9911e928daeb606827d6ae7c599"},
    {file = "cramjam-2.9.0-cp38-none-win32.whl", hash = "sha256:ca880f555c8db40942acc8a50722c33e229b6be90e598acc1a201f36487b917d"},
    {file = "cramjam-2.9.0-cp38-none-win_amd64.whl", hash = "sha256:ab17a429a92db90bf40115efb97d10e71b94b0dcacf30cf724552df2794a58fb"},
    {file = "cramjam-2.9.0-cp39-cp39-macosx_10_12_x86_64.whl", hash = "sha256:ed7fd7bc2b86ec3161fe0cc49f5f392e6efa55c91a95397d5047820c38117660"},
    {file = "cramjam-2.9.0-cp39-cp39-macosx_11_0_arm64.whl", hash = "sha256:a0f654c739a6bc4a69a2aaf31463328a208757ed780ff886234532f78e06a864"},
    {file = "cramjam-2.9.0-cp39-cp39-manylinux_2_12_i686.manylinux2010_i686.whl", hash = "sha256:cd4d4ab9deb5846af0ac6cf1fa139cfa40291ad14d073efa8b8e20c8d1aa90bd"},
    {file = "cramjam-2.9.0-cp39-cp39-manylinux_2_17_aarch64.manylinux2014_aarch64.whl", hash = "sha256:bafc32f01d4ab64f83fdbc29bc5bd25a920b59c751c12e06e6f4b1e379be7600"},
    {file = "cramjam-2.9.0-cp39-cp39-manylinux_2_17_armv7l.manylinux2014_armv7l.whl", hash = "sha256:0fb5ea631dbf998f667766a9e485e757817d66ed559916ba553a0ec2f902d788"},
    {file = "cramjam-2.9.0-cp39-cp39-manylinux_2_17_ppc64le.manylinux2014_ppc64le.whl", hash = "sha256:c902e56e60c48f5f15e55257aaa1c2678323df5f18a1b839e8d05cac1107576c"},
    {file = "cramjam-2.9.0-cp39-cp39-manylinux_2_17_s390x.manylinux2014_s390x.whl", hash = "sha256:441d3875cdffe5df9294b93ef570058837732dd727cd9d18efa0f089f1c2687a"},
    {file = "cramjam-2.9.0-cp39-cp39-manylinux_2_17_x86_64.manylinux2014_x86_64.whl", hash = "sha256:ed486e57a79ccc7aebaa2ec12517d891fdc5d2fde16915e3db705b8a47570981"},
    {file = "cramjam-2.9.0-cp39-cp39-musllinux_1_1_aarch64.whl", hash = "sha256:013cb872205641c6e5269f530ed40aaaa5640d84e0d8f33b89f5a1bf7f655527"},
    {file = "cramjam-2.9.0-cp39-cp39-musllinux_1_1_armv7l.whl", hash = "sha256:a41b4b10a381be1d42a1a7dd07b8c3faccd3d12c7e98e973a6ec558fd040a607"},
    {file = "cramjam-2.9.0-cp39-cp39-musllinux_1_1_i686.whl", hash = "sha256:598eac1713ddbe69c3b30dcc890d69b206ce08903fc3aed58149aae87c61973a"},
    {file = "cramjam-2.9.0-cp39-cp39-musllinux_1_1_x86_64.whl", hash = "sha256:72e9ebc27c557706a3c9964c1d1b4522857760dbd60c105a4f5421f3b66e31a2"},
    {file = "cramjam-2.9.0-cp39-none-win32.whl", hash = "sha256:dbbd6fba677e1cbc9d6bd4ebbe3e8b3667d0295f1731489db2a971c95f0ceca0"},
    {file = "cramjam-2.9.0-cp39-none-win_amd64.whl", hash = "sha256:7f33a83969fa94ee8e0c1f0aef8eb303ead3e9142338dc543abeb7e1a28734ab"},
    {file = "cramjam-2.9.0-pp310-pypy310_pp73-macosx_10_12_x86_64.whl", hash = "sha256:132db7d3346ea21ba44e7ee23ec73bd6fa9eb1e77133ca6dfe1f7449a69999af"},
    {file = "cramjam-2.9.0-pp310-pypy310_pp73-macosx_11_0_arm64.whl", hash = "sha256:2addf801c88bead21256ccd87dc97cffead03758c4a4947fad8e454f4abfda0a"},
    {file = "cramjam-2.9.0-pp310-pypy310_pp73-manylinux_2_17_aarch64.manylinux2014_aarch64.whl", hash = "sha256:24afad3ba62774abbb150dc25aab21b047ab999c4143c7a8d96577848baf7af6"},
    {file = "cramjam-2.9.0-pp310-pypy310_pp73-manylinux_2_17_x86_64.manylinux2014_x86_64.whl", hash = "sha256:604c16052cf29d0c796927ed7e107f65429d2036c82c9a8009bd453c94e5e4f0"},
    {file = "cramjam-2.9.0-pp310-pypy310_pp73-win_amd64.whl", hash = "sha256:65bded20fd2cef17b22246c336ddd67fac842341ee311042b4a70e65dc745aa7"},
    {file = "cramjam-2.9.0.tar.gz", hash = "sha256:f103e648aa3ebe9b8e2c1a3a92719288d8f3f41007c319ad298cdce2d0c28641"},
]

[package.extras]
dev = ["black (==22.3.0)", "hypothesis", "numpy", "pytest (>=5.30)", "pytest-benchmark", "pytest-xdist"]

[[package]]
name = "fastparquet"
version = "2024.5.0"
description = "Python support for Parquet file format"
optional = false
python-versions = ">=3.9"
files = [
    {file = "fastparquet-2024.5.0-cp310-cp310-macosx_10_9_universal2.whl", hash = "sha256:9dfbed87b4b58b0794b2cb3aa4abcb43fc01480a10c7779a323d2dd1599f6acd"},
    {file = "fastparquet-2024.5.0-cp310-cp310-macosx_11_0_arm64.whl", hash = "sha256:07fc5a45450a39cd07c6ef0e0219ac4b1879f8b27c825ee4ba5d87a3ae505f11"},
    {file = "fastparquet-2024.5.0-cp310-cp310-manylinux_2_17_aarch64.manylinux2014_aarch64.whl", hash = "sha256:4a2045c21f90358541286f26f0735bfb2265b075413fbced3b876fc8848eda52"},
    {file = "fastparquet-2024.5.0-cp310-cp310-manylinux_2_17_x86_64.manylinux2014_x86_64.whl", hash = "sha256:f411056152b5d3cc82b6624d9da80535d10d9277d921fdb2e9516e93c8c227e8"},
    {file = "fastparquet-2024.5.0-cp310-cp310-manylinux_2_5_i686.manylinux1_i686.manylinux_2_17_i686.manylinux2014_i686.whl", hash = "sha256:cc99d7c0f1816394d53aadd47919bba70bb81355259d8788d28e35913816aee0"},
    {file = "fastparquet-2024.5.0-cp310-cp310-musllinux_1_2_i686.whl", hash = "sha256:42149929b71d9122bd501aa695681f40a04a9fa3f5b802cf0fb6aa4e95ccf2dd"},
    {file = "fastparquet-2024.5.0-cp310-cp310-musllinux_1_2_x86_64.whl", hash = "sha256:e5b1ed889f4ac7ea059ff95f4a01f5c07c825c50c2e1bc9e2b64c814df94c243"},
    {file = "fastparquet-2024.5.0-cp310-cp310-win_amd64.whl", hash = "sha256:f5c3cabcfa2f534e4b23343c1ab84c37d336da73770005e608d1894ab1084600"},
    {file = "fastparquet-2024.5.0-cp311-cp311-macosx_10_9_universal2.whl", hash = "sha256:56d03b0a291d6a575ab365516c53b4da8e040347f8d43af79be25893c591b38c"},
    {file = "fastparquet-2024.5.0-cp311-cp311-macosx_11_0_arm64.whl", hash = "sha256:784989ee2c251960b8f00dc38c6c730f784712c8e3d08cc7e0ce842055476af1"},
    {file = "fastparquet-2024.5.0-cp311-cp311-manylinux_2_17_aarch64.manylinux2014_aarch64.whl", hash = "sha256:d20bba5c39139a88d8d6931764b830ba14042742d802238d9edf86d4d765ad7a"},
    {file = "fastparquet-2024.5.0-cp311-cp311-manylinux_2_17_x86_64.manylinux2014_x86_64.whl", hash = "sha256:08358d99278c5d3fb523d819fff5c74d572d8f67ebbe2215a2c7bfca7e3664cf"},
    {file = "fastparquet-2024.5.0-cp311-cp311-manylinux_2_5_i686.manylinux1_i686.manylinux_2_17_i686.manylinux2014_i686.whl", hash = "sha256:e9de270e17a6ae2f02c716421d60e18d35d4718037f561b3e359989db19f700a"},
    {file = "fastparquet-2024.5.0-cp311-cp311-musllinux_1_2_i686.whl", hash = "sha256:ba251231b005c0f3f7e56f6e9cd1939be99b2d810ab5b05039271e260c0196c6"},
    {file = "fastparquet-2024.5.0-cp311-cp311-musllinux_1_2_x86_64.whl", hash = "sha256:1496d83d7a77c19abae796e3b582539884fc893d75a3ad4f90df12f8f23a902a"},
    {file = "fastparquet-2024.5.0-cp311-cp311-win_amd64.whl", hash = "sha256:ea3796c4a38ef8b372a3056b5cef52ca8182fa554fa51c7637c2421e69ee56e5"},
    {file = "fastparquet-2024.5.0-cp312-cp312-macosx_10_9_universal2.whl", hash = "sha256:e1fa068ef1826bff6d4a9106a6f9e9d6fd20b8b516da4b82d87840cb5fd3947c"},
    {file = "fastparquet-2024.5.0-cp312-cp312-macosx_11_0_arm64.whl", hash = "sha256:3a60f7b0b308d6b9f12c642cf5237a05d754926fb31ce865ff7072bceab19fbb"},
    {file = "fastparquet-2024.5.0-cp312-cp312-manylinux_2_17_aarch64.manylinux2014_aarch64.whl", hash = "sha256:4e6ac308a2f391ce589c99b8376e7cdfe4241ef5770ac4cf4c1c93f940bda83c"},
    {file = "fastparquet-2024.5.0-cp312-cp312-manylinux_2_17_x86_64.manylinux2014_x86_64.whl", hash = "sha256:2b3cf7b4eb1b06e87b97a3a5c9124e4b1c08a8903ba017052c5fe2c482414a3d"},
    {file = "fastparquet-2024.5.0-cp312-cp312-manylinux_2_5_i686.manylinux1_i686.manylinux_2_17_i686.manylinux2014_i686.whl", hash = "sha256:5626fc72204001b7e82fedb4b02174ecb4e2d4143b38b4ea8d2f9eb65f6b000e"},
    {file = "fastparquet-2024.5.0-cp312-cp312-musllinux_1_2_i686.whl", hash = "sha256:c8b2e86fe6488cce0e3d41263bb0296ef9bbb875a2fca09d67d7685640017a66"},
    {file = "fastparquet-2024.5.0-cp312-cp312-musllinux_1_2_x86_64.whl", hash = "sha256:2a951106782d51e5ab110beaad29c4aa0537f045711bb0bf146f65aeaed14174"},
    {file = "fastparquet-2024.5.0-cp312-cp312-win_amd64.whl", hash = "sha256:cd3473d3e299bfb04c0ac7726cca5d13ee450cc2387ee7fd70587ca150647315"},
    {file = "fastparquet-2024.5.0-cp39-cp39-macosx_10_9_universal2.whl", hash = "sha256:47695037fdc534ef4247f25ccf17dcbd8825be6ecb70c54ca54d588a794f4a6d"},
    {file = "fastparquet-2024.5.0-cp39-cp39-macosx_11_0_arm64.whl", hash = "sha256:fc3d35ff8341cd65baecac71062e9d73393d7afda207b3421709c1d3f4baa194"},
    {file = "fastparquet-2024.5.0-cp39-cp39-manylinux_2_17_aarch64.manylinux2014_aarch64.whl", hash = "sha256:691348cc85890663dd3c0bb02544d38d4c07a0c3d68837324dc01007301150b5"},
    {file = "fastparquet-2024.5.0-cp39-cp39-manylinux_2_17_x86_64.manylinux2014_x86_64.whl", hash = "sha256:dfdc8aaec67edd30814c2c2f0e291eb3c3044525d18c87e835ef8793d6e2ea2d"},
    {file = "fastparquet-2024.5.0-cp39-cp39-manylinux_2_5_i686.manylinux1_i686.manylinux_2_17_i686.manylinux2014_i686.whl", hash = "sha256:0034d1b5af3a71cc2fb29c590f442c0b514f710d6d6996794ae375dcfe050c05"},
    {file = "fastparquet-2024.5.0-cp39-cp39-musllinux_1_2_i686.whl", hash = "sha256:b562be0f43a007493014512602ab6b0207d13ea4ae85e0d94d61febf08efa1ee"},
    {file = "fastparquet-2024.5.0-cp39-cp39-musllinux_1_2_x86_64.whl", hash = "sha256:611da9043f9dab1c63e6c90a6b124e3d2789c34fefa00d45356517f1e8a09c83"},
    {file = "fastparquet-2024.5.0-cp39-cp39-win_amd64.whl", hash = "sha256:cb93e8951f46943c8567c9a555cb3d24d2c78efdf78e95fd72177d80da73a10f"},
    {file = "fastparquet-2024.5.0.tar.gz", hash = "sha256:dffd1d0ac6e89e31c5b6dacf67a8d299d4afbbcf0bf8b797373904c819c48f51"},
]

[package.dependencies]
cramjam = ">=2.3"
fsspec = "*"
numpy = "*"
packaging = "*"
pandas = ">=1.5.0"

[package.extras]
lzo = ["python-lzo"]

[[package]]
name = "fsspec"
version = "2024.10.0"
description = "File-system specification"
optional = false
python-versions = ">=3.8"
files = [
    {file = "fsspec-2024.10.0-py3-none-any.whl", hash = "sha256:03b9a6785766a4de40368b88906366755e2819e758b83705c88cd7cb5fe81871"},
    {file = "fsspec-2024.10.0.tar.gz", hash = "sha256:eda2d8a4116d4f2429db8550f2457da57279247dd930bb12f821b58391359493"},
]

[package.extras]
abfs = ["adlfs"]
adl = ["adlfs"]
arrow = ["pyarrow (>=1)"]
dask = ["dask", "distributed"]
dev = ["pre-commit", "ruff"]
doc = ["numpydoc", "sphinx", "sphinx-design", "sphinx-rtd-theme", "yarl"]
dropbox = ["dropbox", "dropboxdrivefs", "requests"]
full = ["adlfs", "aiohttp (!=4.0.0a0,!=4.0.0a1)", "dask", "distributed", "dropbox", "dropboxdrivefs", "fusepy", "gcsfs", "libarchive-c", "ocifs", "panel", "paramiko", "pyarrow (>=1)", "pygit2", "requests", "s3fs", "smbprotocol", "tqdm"]
fuse = ["fusepy"]
gcs = ["gcsfs"]
git = ["pygit2"]
github = ["requests"]
gs = ["gcsfs"]
gui = ["panel"]
hdfs = ["pyarrow (>=1)"]
http = ["aiohttp (!=4.0.0a0,!=4.0.0a1)"]
libarchive = ["libarchive-c"]
oci = ["ocifs"]
s3 = ["s3fs"]
sftp = ["paramiko"]
smb = ["smbprotocol"]
ssh = ["paramiko"]
test = ["aiohttp (!=4.0.0a0,!=4.0.0a1)", "numpy", "pytest", "pytest-asyncio (!=0.22.0)", "pytest-benchmark", "pytest-cov", "pytest-mock", "pytest-recording", "pytest-rerunfailures", "requests"]
test-downstream = ["aiobotocore (>=2.5.4,<3.0.0)", "dask-expr", "dask[dataframe,test]", "moto[server] (>4,<5)", "pytest-timeout", "xarray"]
test-full = ["adlfs", "aiohttp (!=4.0.0a0,!=4.0.0a1)", "cloudpickle", "dask", "distributed", "dropbox", "dropboxdrivefs", "fastparquet", "fusepy", "gcsfs", "jinja2", "kerchunk", "libarchive-c", "lz4", "notebook", "numpy", "ocifs", "pandas", "panel", "paramiko", "pyarrow", "pyarrow (>=1)", "pyftpdlib", "pygit2", "pytest", "pytest-asyncio (!=0.22.0)", "pytest-benchmark", "pytest-cov", "pytest-mock", "pytest-recording", "pytest-rerunfailures", "python-snappy", "requests", "smbprotocol", "tqdm", "urllib3", "zarr", "zstandard"]
tqdm = ["tqdm"]

[[package]]
name = "loguru"
version = "0.7.2"
description = "Python logging made (stupidly) simple"
optional = false
python-versions = ">=3.5"
files = [
    {file = "loguru-0.7.2-py3-none-any.whl", hash = "sha256:003d71e3d3ed35f0f8984898359d65b79e5b21943f78af86aa5491210429b8eb"},
    {file = "loguru-0.7.2.tar.gz", hash = "sha256:e671a53522515f34fd406340ee968cb9ecafbc4b36c679da03c18fd8d0bd51ac"},
]

[package.dependencies]
colorama = {version = ">=0.3.4", markers = "sys_platform == \"win32\""}
win32-setctime = {version = ">=1.0.0", markers = "sys_platform == \"win32\""}

[package.extras]
dev = ["Sphinx (==7.2.5)", "colorama (==0.4.5)", "colorama (==0.4.6)", "exceptiongroup (==1.1.3)", "freezegun (==1.1.0)", "freezegun (==1.2.2)", "mypy (==v0.910)", "mypy (==v0.971)", "mypy (==v1.4.1)", "mypy (==v1.5.1)", "pre-commit (==3.4.0)", "pytest (==6.1.2)", "pytest (==7.4.0)", "pytest-cov (==2.12.1)", "pytest-cov (==4.1.0)", "pytest-mypy-plugins (==1.9.3)", "pytest-mypy-plugins (==3.0.0)", "sphinx-autobuild (==2021.3.14)", "sphinx-rtd-theme (==1.3.0)", "tox (==3.27.1)", "tox (==4.11.0)"]

[[package]]
name = "numpy"
version = "2.1.2"
description = "Fundamental package for array computing in Python"
optional = false
python-versions = ">=3.10"
files = [
    {file = "numpy-2.1.2-cp310-cp310-macosx_10_9_x86_64.whl", hash = "sha256:30d53720b726ec36a7f88dc873f0eec8447fbc93d93a8f079dfac2629598d6ee"},
    {file = "numpy-2.1.2-cp310-cp310-macosx_11_0_arm64.whl", hash = "sha256:e8d3ca0a72dd8846eb6f7dfe8f19088060fcb76931ed592d29128e0219652884"},
    {file = "numpy-2.1.2-cp310-cp310-macosx_14_0_arm64.whl", hash = "sha256:fc44e3c68ff00fd991b59092a54350e6e4911152682b4782f68070985aa9e648"},
    {file = "numpy-2.1.2-cp310-cp310-macosx_14_0_x86_64.whl", hash = "sha256:7c1c60328bd964b53f8b835df69ae8198659e2b9302ff9ebb7de4e5a5994db3d"},
    {file = "numpy-2.1.2-cp310-cp310-manylinux_2_17_aarch64.manylinux2014_aarch64.whl", hash = "sha256:6cdb606a7478f9ad91c6283e238544451e3a95f30fb5467fbf715964341a8a86"},
    {file = "numpy-2.1.2-cp310-cp310-manylinux_2_17_x86_64.manylinux2014_x86_64.whl", hash = "sha256:d666cb72687559689e9906197e3bec7b736764df6a2e58ee265e360663e9baf7"},
    {file = "numpy-2.1.2-cp310-cp310-musllinux_1_1_x86_64.whl", hash = "sha256:c6eef7a2dbd0abfb0d9eaf78b73017dbfd0b54051102ff4e6a7b2980d5ac1a03"},
    {file = "numpy-2.1.2-cp310-cp310-musllinux_1_2_aarch64.whl", hash = "sha256:12edb90831ff481f7ef5f6bc6431a9d74dc0e5ff401559a71e5e4611d4f2d466"},
    {file = "numpy-2.1.2-cp310-cp310-win32.whl", hash = "sha256:a65acfdb9c6ebb8368490dbafe83c03c7e277b37e6857f0caeadbbc56e12f4fb"},
    {file = "numpy-2.1.2-cp310-cp310-win_amd64.whl", hash = "sha256:860ec6e63e2c5c2ee5e9121808145c7bf86c96cca9ad396c0bd3e0f2798ccbe2"},
    {file = "numpy-2.1.2-cp311-cp311-macosx_10_9_x86_64.whl", hash = "sha256:b42a1a511c81cc78cbc4539675713bbcf9d9c3913386243ceff0e9429ca892fe"},
    {file = "numpy-2.1.2-cp311-cp311-macosx_11_0_arm64.whl", hash = "sha256:faa88bc527d0f097abdc2c663cddf37c05a1c2f113716601555249805cf573f1"},
    {file = "numpy-2.1.2-cp311-cp311-macosx_14_0_arm64.whl", hash = "sha256:c82af4b2ddd2ee72d1fc0c6695048d457e00b3582ccde72d8a1c991b808bb20f"},
    {file = "numpy-2.1.2-cp311-cp311-macosx_14_0_x86_64.whl", hash = "sha256:13602b3174432a35b16c4cfb5de9a12d229727c3dd47a6ce35111f2ebdf66ff4"},
    {file = "numpy-2.1.2-cp311-cp311-manylinux_2_17_aarch64.manylinux2014_aarch64.whl", hash = "sha256:1ebec5fd716c5a5b3d8dfcc439be82a8407b7b24b230d0ad28a81b61c2f4659a"},
    {file = "numpy-2.1.2-cp311-cp311-manylinux_2_17_x86_64.manylinux2014_x86_64.whl", hash = "sha256:e2b49c3c0804e8ecb05d59af8386ec2f74877f7ca8fd9c1e00be2672e4d399b1"},
    {file = "numpy-2.1.2-cp311-cp311-musllinux_1_1_x86_64.whl", hash = "sha256:2cbba4b30bf31ddbe97f1c7205ef976909a93a66bb1583e983adbd155ba72ac2"},
    {file = "numpy-2.1.2-cp311-cp311-musllinux_1_2_aarch64.whl", hash = "sha256:8e00ea6fc82e8a804433d3e9cedaa1051a1422cb6e443011590c14d2dea59146"},
    {file = "numpy-2.1.2-cp311-cp311-win32.whl", hash = "sha256:5006b13a06e0b38d561fab5ccc37581f23c9511879be7693bd33c7cd15ca227c"},
    {file = "numpy-2.1.2-cp311-cp311-win_amd64.whl", hash = "sha256:f1eb068ead09f4994dec71c24b2844f1e4e4e013b9629f812f292f04bd1510d9"},
    {file = "numpy-2.1.2-cp312-cp312-macosx_10_13_x86_64.whl", hash = "sha256:d7bf0a4f9f15b32b5ba53147369e94296f5fffb783db5aacc1be15b4bf72f43b"},
    {file = "numpy-2.1.2-cp312-cp312-macosx_11_0_arm64.whl", hash = "sha256:b1d0fcae4f0949f215d4632be684a539859b295e2d0cb14f78ec231915d644db"},
    {file = "numpy-2.1.2-cp312-cp312-macosx_14_0_arm64.whl", hash = "sha256:f751ed0a2f250541e19dfca9f1eafa31a392c71c832b6bb9e113b10d050cb0f1"},
    {file = "numpy-2.1.2-cp312-cp312-macosx_14_0_x86_64.whl", hash = "sha256:bd33f82e95ba7ad632bc57837ee99dba3d7e006536200c4e9124089e1bf42426"},
    {file = "numpy-2.1.2-cp312-cp312-manylinux_2_17_aarch64.manylinux2014_aarch64.whl", hash = "sha256:1b8cde4f11f0a975d1fd59373b32e2f5a562ade7cde4f85b7137f3de8fbb29a0"},
    {file = "numpy-2.1.2-cp312-cp312-manylinux_2_17_x86_64.manylinux2014_x86_64.whl", hash = "sha256:6d95f286b8244b3649b477ac066c6906fbb2905f8ac19b170e2175d3d799f4df"},
    {file = "numpy-2.1.2-cp312-cp312-musllinux_1_1_x86_64.whl", hash = "sha256:ab4754d432e3ac42d33a269c8567413bdb541689b02d93788af4131018cbf366"},
    {file = "numpy-2.1.2-cp312-cp312-musllinux_1_2_aarch64.whl", hash = "sha256:e585c8ae871fd38ac50598f4763d73ec5497b0de9a0ab4ef5b69f01c6a046142"},
    {file = "numpy-2.1.2-cp312-cp312-win32.whl", hash = "sha256:9c6c754df29ce6a89ed23afb25550d1c2d5fdb9901d9c67a16e0b16eaf7e2550"},
    {file = "numpy-2.1.2-cp312-cp312-win_amd64.whl", hash = "sha256:456e3b11cb79ac9946c822a56346ec80275eaf2950314b249b512896c0d2505e"},
    {file = "numpy-2.1.2-cp313-cp313-macosx_10_13_x86_64.whl", hash = "sha256:a84498e0d0a1174f2b3ed769b67b656aa5460c92c9554039e11f20a05650f00d"},
    {file = "numpy-2.1.2-cp313-cp313-macosx_11_0_arm64.whl", hash = "sha256:4d6ec0d4222e8ffdab1744da2560f07856421b367928026fb540e1945f2eeeaf"},
    {file = "numpy-2.1.2-cp313-cp313-macosx_14_0_arm64.whl", hash = "sha256:259ec80d54999cc34cd1eb8ded513cb053c3bf4829152a2e00de2371bd406f5e"},
    {file = "numpy-2.1.2-cp313-cp313-macosx_14_0_x86_64.whl", hash = "sha256:675c741d4739af2dc20cd6c6a5c4b7355c728167845e3c6b0e824e4e5d36a6c3"},
    {file = "numpy-2.1.2-cp313-cp313-manylinux_2_17_aarch64.manylinux2014_aarch64.whl", hash = "sha256:05b2d4e667895cc55e3ff2b56077e4c8a5604361fc21a042845ea3ad67465aa8"},
    {file = "numpy-2.1.2-cp313-cp313-manylinux_2_17_x86_64.manylinux2014_x86_64.whl", hash = "sha256:43cca367bf94a14aca50b89e9bc2061683116cfe864e56740e083392f533ce7a"},
    {file = "numpy-2.1.2-cp313-cp313-musllinux_1_1_x86_64.whl", hash = "sha256:76322dcdb16fccf2ac56f99048af32259dcc488d9b7e25b51e5eca5147a3fb98"},
    {file = "numpy-2.1.2-cp313-cp313-musllinux_1_2_aarch64.whl", hash = "sha256:32e16a03138cabe0cb28e1007ee82264296ac0983714094380b408097a418cfe"},
    {file = "numpy-2.1.2-cp313-cp313-win32.whl", hash = "sha256:242b39d00e4944431a3cd2db2f5377e15b5785920421993770cddb89992c3f3a"},
    {file = "numpy-2.1.2-cp313-cp313-win_amd64.whl", hash = "sha256:f2ded8d9b6f68cc26f8425eda5d3877b47343e68ca23d0d0846f4d312ecaa445"},
    {file = "numpy-2.1.2-cp313-cp313t-macosx_10_13_x86_64.whl", hash = "sha256:2ffef621c14ebb0188a8633348504a35c13680d6da93ab5cb86f4e54b7e922b5"},
    {file = "numpy-2.1.2-cp313-cp313t-macosx_11_0_arm64.whl", hash = "sha256:ad369ed238b1959dfbade9018a740fb9392c5ac4f9b5173f420bd4f37ba1f7a0"},
    {file = "numpy-2.1.2-cp313-cp313t-macosx_14_0_arm64.whl", hash = "sha256:d82075752f40c0ddf57e6e02673a17f6cb0f8eb3f587f63ca1eaab5594da5b17"},
    {file = "numpy-2.1.2-cp313-cp313t-macosx_14_0_x86_64.whl", hash = "sha256:1600068c262af1ca9580a527d43dc9d959b0b1d8e56f8a05d830eea39b7c8af6"},
    {file = "numpy-2.1.2-cp313-cp313t-manylinux_2_17_aarch64.manylinux2014_aarch64.whl", hash = "sha256:a26ae94658d3ba3781d5e103ac07a876b3e9b29db53f68ed7df432fd033358a8"},
    {file = "numpy-2.1.2-cp313-cp313t-manylinux_2_17_x86_64.manylinux2014_x86_64.whl", hash = "sha256:13311c2db4c5f7609b462bc0f43d3c465424d25c626d95040f073e30f7570e35"},
    {file = "numpy-2.1.2-cp313-cp313t-musllinux_1_1_x86_64.whl", hash = "sha256:2abbf905a0b568706391ec6fa15161fad0fb5d8b68d73c461b3c1bab6064dd62"},
    {file = "numpy-2.1.2-cp313-cp313t-musllinux_1_2_aarch64.whl", hash = "sha256:ef444c57d664d35cac4e18c298c47d7b504c66b17c2ea91312e979fcfbdfb08a"},
    {file = "numpy-2.1.2-pp310-pypy310_pp73-macosx_10_15_x86_64.whl", hash = "sha256:bdd407c40483463898b84490770199d5714dcc9dd9b792f6c6caccc523c00952"},
    {file = "numpy-2.1.2-pp310-pypy310_pp73-macosx_14_0_x86_64.whl", hash = "sha256:da65fb46d4cbb75cb417cddf6ba5e7582eb7bb0b47db4b99c9fe5787ce5d91f5"},
    {file = "numpy-2.1.2-pp310-pypy310_pp73-manylinux_2_17_x86_64.manylinux2014_x86_64.whl", hash = "sha256:1c193d0b0238638e6fc5f10f1b074a6993cb13b0b431f64079a509d63d3aa8b7"},
    {file = "numpy-2.1.2-pp310-pypy310_pp73-win_amd64.whl", hash = "sha256:a7d80b2e904faa63068ead63107189164ca443b42dd1930299e0d1cb041cec2e"},
    {file = "numpy-2.1.2.tar.gz", hash = "sha256:13532a088217fa624c99b843eeb54640de23b3414b14aa66d023805eb731066c"},
]

[[package]]
name = "packaging"
version = "24.1"
description = "Core utilities for Python packages"
optional = false
python-versions = ">=3.8"
files = [
    {file = "packaging-24.1-py3-none-any.whl", hash = "sha256:5b8f2217dbdbd2f7f384c41c628544e6d52f2d0f53c6d0c3ea61aa5d1d7ff124"},
    {file = "packaging-24.1.tar.gz", hash = "sha256:026ed72c8ed3fcce5bf8950572258698927fd1dbda10a5e981cdf0ac37f4f002"},
]

[[package]]
name = "pandas"
version = "2.2.3"
description = "Powerful data structures for data analysis, time series, and statistics"
optional = false
python-versions = ">=3.9"
files = [
    {file = "pandas-2.2.3-cp310-cp310-macosx_10_9_x86_64.whl", hash = "sha256:1948ddde24197a0f7add2bdc4ca83bf2b1ef84a1bc8ccffd95eda17fd836ecb5"},
    {file = "pandas-2.2.3-cp310-cp310-macosx_11_0_arm64.whl", hash = "sha256:381175499d3802cde0eabbaf6324cce0c4f5d52ca6f8c377c29ad442f50f6348"},
    {file = "pandas-2.2.3-cp310-cp310-manylinux2014_aarch64.manylinux_2_17_aarch64.whl", hash = "sha256:d9c45366def9a3dd85a6454c0e7908f2b3b8e9c138f5dc38fed7ce720d8453ed"},
    {file = "pandas-2.2.3-cp310-cp310-manylinux_2_17_x86_64.manylinux2014_x86_64.whl", hash = "sha256:86976a1c5b25ae3f8ccae3a5306e443569ee3c3faf444dfd0f41cda24667ad57"},
    {file = "pandas-2.2.3-cp310-cp310-musllinux_1_2_aarch64.whl", hash = "sha256:b8661b0238a69d7aafe156b7fa86c44b881387509653fdf857bebc5e4008ad42"},
    {file = "pandas-2.2.3-cp310-cp310-musllinux_1_2_x86_64.whl", hash = "sha256:37e0aced3e8f539eccf2e099f65cdb9c8aa85109b0be6e93e2baff94264bdc6f"},
    {file = "pandas-2.2.3-cp310-cp310-win_amd64.whl", hash = "sha256:56534ce0746a58afaf7942ba4863e0ef81c9c50d3f0ae93e9497d6a41a057645"},
    {file = "pandas-2.2.3-cp311-cp311-macosx_10_9_x86_64.whl", hash = "sha256:66108071e1b935240e74525006034333f98bcdb87ea116de573a6a0dccb6c039"},
    {file = "pandas-2.2.3-cp311-cp311-macosx_11_0_arm64.whl", hash = "sha256:7c2875855b0ff77b2a64a0365e24455d9990730d6431b9e0ee18ad8acee13dbd"},
    {file = "pandas-2.2.3-cp311-cp311-manylinux2014_aarch64.manylinux_2_17_aarch64.whl", hash = "sha256:cd8d0c3be0515c12fed0bdbae072551c8b54b7192c7b1fda0ba56059a0179698"},
    {file = "pandas-2.2.3-cp311-cp311-manylinux_2_17_x86_64.manylinux2014_x86_64.whl", hash = "sha256:c124333816c3a9b03fbeef3a9f230ba9a737e9e5bb4060aa2107a86cc0a497fc"},
    {file = "pandas-2.2.3-cp311-cp311-musllinux_1_2_aarch64.whl", hash = "sha256:63cc132e40a2e084cf01adf0775b15ac515ba905d7dcca47e9a251819c575ef3"},
    {file = "pandas-2.2.3-cp311-cp311-musllinux_1_2_x86_64.whl", hash = "sha256:29401dbfa9ad77319367d36940cd8a0b3a11aba16063e39632d98b0e931ddf32"},
    {file = "pandas-2.2.3-cp311-cp311-win_amd64.whl", hash = "sha256:3fc6873a41186404dad67245896a6e440baacc92f5b716ccd1bc9ed2995ab2c5"},
    {file = "pandas-2.2.3-cp312-cp312-macosx_10_9_x86_64.whl", hash = "sha256:b1d432e8d08679a40e2a6d8b2f9770a5c21793a6f9f47fdd52c5ce1948a5a8a9"},
    {file = "pandas-2.2.3-cp312-cp312-macosx_11_0_arm64.whl", hash = "sha256:a5a1595fe639f5988ba6a8e5bc9649af3baf26df3998a0abe56c02609392e0a4"},
    {file = "pandas-2.2.3-cp312-cp312-manylinux2014_aarch64.manylinux_2_17_aarch64.whl", hash = "sha256:5de54125a92bb4d1c051c0659e6fcb75256bf799a732a87184e5ea503965bce3"},
    {file = "pandas-2.2.3-cp312-cp312-manylinux_2_17_x86_64.manylinux2014_x86_64.whl", hash = "sha256:fffb8ae78d8af97f849404f21411c95062db1496aeb3e56f146f0355c9989319"},
    {file = "pandas-2.2.3-cp312-cp312-musllinux_1_2_aarch64.whl", hash = "sha256:6dfcb5ee8d4d50c06a51c2fffa6cff6272098ad6540aed1a76d15fb9318194d8"},
    {file = "pandas-2.2.3-cp312-cp312-musllinux_1_2_x86_64.whl", hash = "sha256:062309c1b9ea12a50e8ce661145c6aab431b1e99530d3cd60640e255778bd43a"},
    {file = "pandas-2.2.3-cp312-cp312-win_amd64.whl", hash = "sha256:59ef3764d0fe818125a5097d2ae867ca3fa64df032331b7e0917cf5d7bf66b13"},
    {file = "pandas-2.2.3-cp313-cp313-macosx_10_13_x86_64.whl", hash = "sha256:f00d1345d84d8c86a63e476bb4955e46458b304b9575dcf71102b5c705320015"},
    {file = "pandas-2.2.3-cp313-cp313-macosx_11_0_arm64.whl", hash = "sha256:3508d914817e153ad359d7e069d752cdd736a247c322d932eb89e6bc84217f28"},
    {file = "pandas-2.2.3-cp313-cp313-manylinux2014_aarch64.manylinux_2_17_aarch64.whl", hash = "sha256:22a9d949bfc9a502d320aa04e5d02feab689d61da4e7764b62c30b991c42c5f0"},
    {file = "pandas-2.2.3-cp313-cp313-manylinux_2_17_x86_64.manylinux2014_x86_64.whl", hash = "sha256:f3a255b2c19987fbbe62a9dfd6cff7ff2aa9ccab3fc75218fd4b7530f01efa24"},
    {file = "pandas-2.2.3-cp313-cp313-musllinux_1_2_aarch64.whl", hash = "sha256:800250ecdadb6d9c78eae4990da62743b857b470883fa27f652db8bdde7f6659"},
    {file = "pandas-2.2.3-cp313-cp313-musllinux_1_2_x86_64.whl", hash = "sha256:6374c452ff3ec675a8f46fd9ab25c4ad0ba590b71cf0656f8b6daa5202bca3fb"},
    {file = "pandas-2.2.3-cp313-cp313-win_amd64.whl", hash = "sha256:61c5ad4043f791b61dd4752191d9f07f0ae412515d59ba8f005832a532f8736d"},
    {file = "pandas-2.2.3-cp313-cp313t-macosx_10_13_x86_64.whl", hash = "sha256:3b71f27954685ee685317063bf13c7709a7ba74fc996b84fc6821c59b0f06468"},
    {file = "pandas-2.2.3-cp313-cp313t-macosx_11_0_arm64.whl", hash = "sha256:38cf8125c40dae9d5acc10fa66af8ea6fdf760b2714ee482ca691fc66e6fcb18"},
    {file = "pandas-2.2.3-cp313-cp313t-manylinux2014_aarch64.manylinux_2_17_aarch64.whl", hash = "sha256:ba96630bc17c875161df3818780af30e43be9b166ce51c9a18c1feae342906c2"},
    {file = "pandas-2.2.3-cp313-cp313t-manylinux_2_17_x86_64.manylinux2014_x86_64.whl", hash = "sha256:1db71525a1538b30142094edb9adc10be3f3e176748cd7acc2240c2f2e5aa3a4"},
    {file = "pandas-2.2.3-cp313-cp313t-musllinux_1_2_aarch64.whl", hash = "sha256:15c0e1e02e93116177d29ff83e8b1619c93ddc9c49083f237d4312337a61165d"},
    {file = "pandas-2.2.3-cp313-cp313t-musllinux_1_2_x86_64.whl", hash = "sha256:ad5b65698ab28ed8d7f18790a0dc58005c7629f227be9ecc1072aa74c0c1d43a"},
    {file = "pandas-2.2.3-cp39-cp39-macosx_10_9_x86_64.whl", hash = "sha256:bc6b93f9b966093cb0fd62ff1a7e4c09e6d546ad7c1de191767baffc57628f39"},
    {file = "pandas-2.2.3-cp39-cp39-macosx_11_0_arm64.whl", hash = "sha256:5dbca4c1acd72e8eeef4753eeca07de9b1db4f398669d5994086f788a5d7cc30"},
    {file = "pandas-2.2.3-cp39-cp39-manylinux2014_aarch64.manylinux_2_17_aarch64.whl", hash = "sha256:8cd6d7cc958a3910f934ea8dbdf17b2364827bb4dafc38ce6eef6bb3d65ff09c"},
    {file = "pandas-2.2.3-cp39-cp39-manylinux_2_17_x86_64.manylinux2014_x86_64.whl", hash = "sha256:99df71520d25fade9db7c1076ac94eb994f4d2673ef2aa2e86ee039b6746d20c"},
    {file = "pandas-2.2.3-cp39-cp39-musllinux_1_2_aarch64.whl", hash = "sha256:31d0ced62d4ea3e231a9f228366919a5ea0b07440d9d4dac345376fd8e1477ea"},
    {file = "pandas-2.2.3-cp39-cp39-musllinux_1_2_x86_64.whl", hash = "sha256:7eee9e7cea6adf3e3d24e304ac6b8300646e2a5d1cd3a3c2abed9101b0846761"},
    {file = "pandas-2.2.3-cp39-cp39-win_amd64.whl", hash = "sha256:4850ba03528b6dd51d6c5d273c46f183f39a9baf3f0143e566b89450965b105e"},
    {file = "pandas-2.2.3.tar.gz", hash = "sha256:4f18ba62b61d7e192368b84517265a99b4d7ee8912f8708660fb4a366cc82667"},
]

[package.dependencies]
numpy = {version = ">=1.26.0", markers = "python_version >= \"3.12\""}
python-dateutil = ">=2.8.2"
pytz = ">=2020.1"
tzdata = ">=2022.7"

[package.extras]
all = ["PyQt5 (>=5.15.9)", "SQLAlchemy (>=2.0.0)", "adbc-driver-postgresql (>=0.8.0)", "adbc-driver-sqlite (>=0.8.0)", "beautifulsoup4 (>=4.11.2)", "bottleneck (>=1.3.6)", "dataframe-api-compat (>=0.1.7)", "fastparquet (>=2022.12.0)", "fsspec (>=2022.11.0)", "gcsfs (>=2022.11.0)", "html5lib (>=1.1)", "hypothesis (>=6.46.1)", "jinja2 (>=3.1.2)", "lxml (>=4.9.2)", "matplotlib (>=3.6.3)", "numba (>=0.56.4)", "numexpr (>=2.8.4)", "odfpy (>=1.4.1)", "openpyxl (>=3.1.0)", "pandas-gbq (>=0.19.0)", "psycopg2 (>=2.9.6)", "pyarrow (>=10.0.1)", "pymysql (>=1.0.2)", "pyreadstat (>=1.2.0)", "pytest (>=7.3.2)", "pytest-xdist (>=2.2.0)", "python-calamine (>=0.1.7)", "pyxlsb (>=1.0.10)", "qtpy (>=2.3.0)", "s3fs (>=2022.11.0)", "scipy (>=1.10.0)", "tables (>=3.8.0)", "tabulate (>=0.9.0)", "xarray (>=2022.12.0)", "xlrd (>=2.0.1)", "xlsxwriter (>=3.0.5)", "zstandard (>=0.19.0)"]
aws = ["s3fs (>=2022.11.0)"]
clipboard = ["PyQt5 (>=5.15.9)", "qtpy (>=2.3.0)"]
compression = ["zstandard (>=0.19.0)"]
computation = ["scipy (>=1.10.0)", "xarray (>=2022.12.0)"]
consortium-standard = ["dataframe-api-compat (>=0.1.7)"]
excel = ["odfpy (>=1.4.1)", "openpyxl (>=3.1.0)", "python-calamine (>=0.1.7)", "pyxlsb (>=1.0.10)", "xlrd (>=2.0.1)", "xlsxwriter (>=3.0.5)"]
feather = ["pyarrow (>=10.0.1)"]
fss = ["fsspec (>=2022.11.0)"]
gcp = ["gcsfs (>=2022.11.0)", "pandas-gbq (>=0.19.0)"]
hdf5 = ["tables (>=3.8.0)"]
html = ["beautifulsoup4 (>=4.11.2)", "html5lib (>=1.1)", "lxml (>=4.9.2)"]
mysql = ["SQLAlchemy (>=2.0.0)", "pymysql (>=1.0.2)"]
output-formatting = ["jinja2 (>=3.1.2)", "tabulate (>=0.9.0)"]
parquet = ["pyarrow (>=10.0.1)"]
performance = ["bottleneck (>=1.3.6)", "numba (>=0.56.4)", "numexpr (>=2.8.4)"]
plot = ["matplotlib (>=3.6.3)"]
postgresql = ["SQLAlchemy (>=2.0.0)", "adbc-driver-postgresql (>=0.8.0)", "psycopg2 (>=2.9.6)"]
pyarrow = ["pyarrow (>=10.0.1)"]
spss = ["pyreadstat (>=1.2.0)"]
sql-other = ["SQLAlchemy (>=2.0.0)", "adbc-driver-postgresql (>=0.8.0)", "adbc-driver-sqlite (>=0.8.0)"]
test = ["hypothesis (>=6.46.1)", "pytest (>=7.3.2)", "pytest-xdist (>=2.2.0)"]
xml = ["lxml (>=4.9.2)"]

[[package]]
name = "python-dateutil"
version = "2.9.0.post0"
description = "Extensions to the standard Python datetime module"
optional = false
python-versions = "!=3.0.*,!=3.1.*,!=3.2.*,>=2.7"
files = [
    {file = "python-dateutil-2.9.0.post0.tar.gz", hash = "sha256:37dd54208da7e1cd875388217d5e00ebd4179249f90fb72437e91a35459a0ad3"},
    {file = "python_dateutil-2.9.0.post0-py2.py3-none-any.whl", hash = "sha256:a8b2bc7bffae282281c8140a97d3aa9c14da0b136dfe83f850eea9a5f7470427"},
]

[package.dependencies]
six = ">=1.5"

[[package]]
name = "pytz"
version = "2024.2"
description = "World timezone definitions, modern and historical"
optional = false
python-versions = "*"
files = [
    {file = "pytz-2024.2-py2.py3-none-any.whl", hash = "sha256:31c7c1817eb7fae7ca4b8c7ee50c72f93aa2dd863de768e1ef4245d426aa0725"},
    {file = "pytz-2024.2.tar.gz", hash = "sha256:2aa355083c50a0f93fa581709deac0c9ad65cca8a9e9beac660adcbd493c798a"},
]

[[package]]
name = "six"
version = "1.16.0"
description = "Python 2 and 3 compatibility utilities"
optional = false
python-versions = ">=2.7, !=3.0.*, !=3.1.*, !=3.2.*"
files = [
    {file = "six-1.16.0-py2.py3-none-any.whl", hash = "sha256:8abb2f1d86890a2dfb989f9a77cfcfd3e47c2a354b01111771326f8aa26e0254"},
    {file = "six-1.16.0.tar.gz", hash = "sha256:1e61c37477a1626458e36f7b1d82aa5c9b094fa4802892072e49de9c60c4c926"},
]

[[package]]
name = "tzdata"
version = "2024.2"
description = "Provider of IANA time zone data"
optional = false
python-versions = ">=2"
files = [
    {file = "tzdata-2024.2-py2.py3-none-any.whl", hash = "sha256:a48093786cdcde33cad18c2555e8532f34422074448fbc874186f0abd79565cd"},
    {file = "tzdata-2024.2.tar.gz", hash = "sha256:7d85cc416e9382e69095b7bdf4afd9e3880418a2413feec7069d533d6b4e31cc"},
]

[[package]]
name = "win32-setctime"
version = "1.1.0"
description = "A small Python utility to set file creation time on Windows"
optional = false
python-versions = ">=3.5"
files = [
    {file = "win32_setctime-1.1.0-py3-none-any.whl", hash = "sha256:231db239e959c2fe7eb1d7dc129f11172354f98361c4fa2d6d2d7e278baa8aad"},
    {file = "win32_setctime-1.1.0.tar.gz", hash = "sha256:15cf5750465118d6929ae4de4eb46e8edae9a5634350c01ba582df868e932cb2"},
]

[package.extras]
dev = ["black (>=19.3b0)", "pytest (>=4.6.2)"]

[metadata]
lock-version = "2.0"
python-versions = "^3.12"
content-hash = "5508f8e3b9de4d0c759d50ad4df23ba67bb713dd62b31960a61d6eab4a6f5f7c"
